
Microsoft Visual Studio Solution File, Format Version 12.00
# Visual Studio 2013
VisualStudioVersion = 12.0.31101.0
MinimumVisualStudioVersion = 10.0.40219.1
Project("{F184B08F-C81C-45F6-A57F-5ABD9991F28F}") = "Enhanced Permissions Provider", "Enhanced Permissions Provider.vbproj", "{5EFBA856-BCA0-4D30-A567-D665EE2CABD3}"
EndProject
Global
	GlobalSection(SolutionConfigurationPlatforms) = preSolution
		DNN5|Any CPU = DNN5|Any CPU
		DNN7|Any CPU = DNN7|Any CPU
	EndGlobalSection
	GlobalSection(ProjectConfigurationPlatforms) = postSolution
		{5EFBA856-BCA0-4D30-A567-D665EE2CABD3}.DNN5|Any CPU.ActiveCfg = DNN5|Any CPU
		{5EFBA856-BCA0-4D30-A567-D665EE2CABD3}.DNN5|Any CPU.Build.0 = DNN5|Any CPU
		{5EFBA856-BCA0-4D30-A567-D665EE2CABD3}.DNN7|Any CPU.ActiveCfg = DNN7|Any CPU
		{5EFBA856-BCA0-4D30-A567-D665EE2CABD3}.DNN7|Any CPU.Build.0 = DNN7|Any CPU
	EndGlobalSection
	GlobalSection(SolutionProperties) = preSolution
		HideSolutionNode = FALSE
	EndGlobalSection
EndGlobal
